// !$*UTF8*$!
{
	archiveVersion = 1;
	classes = {
	};
	objectVersion = 50;
	objects = {

/* Begin PBXBuildFile section */
		D97DF5D2240FDA7F007BDA72 /* AppDelegate.swift in Sources */ = {isa = PBXBuildFile; fileRef = D97DF5D1240FDA7F007BDA72 /* AppDelegate.swift */; };
		D97DF5D4240FDA7F007BDA72 /* SceneDelegate.swift in Sources */ = {isa = PBXBuildFile; fileRef = D97DF5D3240FDA7F007BDA72 /* SceneDelegate.swift */; };
		D97DF5D7240FDA7F007BDA72 /* MovieTracker.xcdatamodeld in Sources */ = {isa = PBXBuildFile; fileRef = D97DF5D5240FDA7F007BDA72 /* MovieTracker.xcdatamodeld */; };
		D97DF5D9240FDA7F007BDA72 /* ContentView.swift in Sources */ = {isa = PBXBuildFile; fileRef = D97DF5D8240FDA7F007BDA72 /* ContentView.swift */; };
		D97DF5DB240FDA80007BDA72 /* Assets.xcassets in Resources */ = {isa = PBXBuildFile; fileRef = D97DF5DA240FDA80007BDA72 /* Assets.xcassets */; };
		D97DF5DE240FDA80007BDA72 /* Preview Assets.xcassets in Resources */ = {isa = PBXBuildFile; fileRef = D97DF5DD240FDA80007BDA72 /* Preview Assets.xcassets */; };
		D97DF5E1240FDA80007BDA72 /* LaunchScreen.storyboard in Resources */ = {isa = PBXBuildFile; fileRef = D97DF5DF240FDA80007BDA72 /* LaunchScreen.storyboard */; };
/* End PBXBuildFile section */

/* Begin PBXFileReference section */
		D97DF5CE240FDA7F007BDA72 /* MovieTracker.app */ = {isa = PBXFileReference; explicitFileType = wrapper.application; includeInIndex = 0; path = MovieTracker.app; sourceTree = BUILT_PRODUCTS_DIR; };
		D97DF5D1240FDA7F007BDA72 /* AppDelegate.swift */ = {isa = PBXFileReference; lastKnownFileType = sourcecode.swift; path = AppDelegate.swift; sourceTree = "<group>"; };
		D97DF5D3240FDA7F007BDA72 /* SceneDelegate.swift */ = {isa = PBXFileReference; lastKnownFileType = sourcecode.swift; path = SceneDelegate.swift; sourceTree = "<group>"; };
		D97DF5D6240FDA7F007BDA72 /* MovieTracker.xcdatamodel */ = {isa = PBXFileReference; lastKnownFileType = wrapper.xcdatamodel; path = MovieTracker.xcdatamodel; sourceTree = "<group>"; };
		D97DF5D8240FDA7F007BDA72 /* ContentView.swift */ = {isa = PBXFileReference; lastKnownFileType = sourcecode.swift; path = ContentView.swift; sourceTree = "<group>"; };
		D97DF5DA240FDA80007BDA72 /* Assets.xcassets */ = {isa = PBXFileReference; lastKnownFileType = folder.assetcatalog; path = Assets.xcassets; sourceTree = "<group>"; };
		D97DF5DD240FDA80007BDA72 /* Preview Assets.xcassets */ = {isa = PBXFileReference; lastKnownFileType = folder.assetcatalog; path = "Preview Assets.xcassets"; sourceTree = "<group>"; };
		D97DF5E0240FDA80007BDA72 /* Base */ = {isa = PBXFileReference; lastKnownFileType = file.storyboard; name = Base; path = Base.lproj/LaunchScreen.storyboard; sourceTree = "<group>"; };
		D97DF5E2240FDA80007BDA72 /* Info.plist */ = {isa = PBXFileReference; lastKnownFileType = text.plist.xml; path = Info.plist; sourceTree = "<group>"; };
/* End PBXFileReference section */

/* Begin PBXFrameworksBuildPhase section */
		D97DF5CB240FDA7F007BDA72 /* Frameworks */ = {
			isa = PBXFrameworksBuildPhase;
			buildActionMask = 2147483647;
			files = (
			);
			runOnlyForDeploymentPostprocessing = 0;
		};
/* End PBXFrameworksBuildPhase section */

/* Begin PBXGroup section */
		D97DF5C5240FDA7F007BDA72 = {
			isa = PBXGroup;
			children = (
				D97DF5D0240FDA7F007BDA72 /* MovieTracker */,
				D97DF5CF240FDA7F007BDA72 /* Products */,
			);
			sourceTree = "<group>";
		};
		D97DF5CF240FDA7F007BDA72 /* Products */ = {
			isa = PBXGroup;
			children = (
				D97DF5CE240FDA7F007BDA72 /* MovieTracker.app */,
			);
			name = Products;
			sourceTree = "<group>";
		};
		D97DF5D0240FDA7F007BDA72 /* MovieTracker */ = {
			isa = PBXGroup;
			children = (
				D97DF5D1240FDA7F007BDA72 /* AppDelegate.swift */,
				D97DF5D3240FDA7F007BDA72 /* SceneDelegate.swift */,
				D97DF5D8240FDA7F007BDA72 /* ContentView.swift */,
				D97DF5DA240FDA80007BDA72 /* Assets.xcassets */,
				D97DF5DF240FDA80007BDA72 /* LaunchScreen.storyboard */,
				D97DF5E2240FDA80007BDA72 /* Info.plist */,
				D97DF5D5240FDA7F007BDA72 /* MovieTracker.xcdatamodeld */,
				D97DF5DC240FDA80007BDA72 /* Preview Content */,
			);
			path = MovieTracker;
			sourceTree = "<group>";
		};
		D97DF5DC240FDA80007BDA72 /* Preview Content */ = {
			isa = PBXGroup;
			children = (
				D97DF5DD240FDA80007BDA72 /* Preview Assets.xcassets */,
			);
			path = "Preview Content";
			sourceTree = "<group>";
		};
/* End PBXGroup section */

/* Begin PBXNativeTarget section */
		D97DF5CD240FDA7F007BDA72 /* MovieTracker */ = {
			isa = PBXNativeTarget;
			buildConfigurationList = D97DF5E5240FDA80007BDA72 /* Build configuration list for PBXNativeTarget "MovieTracker" */;
			buildPhases = (
				D97DF5CA240FDA7F007BDA72 /* Sources */,
				D97DF5CB240FDA7F007BDA72 /* Frameworks */,
				D97DF5CC240FDA7F007BDA72 /* Resources */,
			);
			buildRules = (
			);
			dependencies = (
			);
			name = MovieTracker;
			productName = MovieTracker;
			productReference = D97DF5CE240FDA7F007BDA72 /* MovieTracker.app */;
			productType = "com.apple.product-type.application";
		};
/* End PBXNativeTarget section */

/* Begin PBXProject section */
		D97DF5C6240FDA7F007BDA72 /* Project object */ = {
			isa = PBXProject;
			attributes = {
				LastSwiftUpdateCheck = 1130;
				LastUpgradeCheck = 1130;
				ORGANIZATIONNAME = "Skie Design Inc";
				TargetAttributes = {
					D97DF5CD240FDA7F007BDA72 = {
						CreatedOnToolsVersion = 11.3.1;
					};
				};
			};
			buildConfigurationList = D97DF5C9240FDA7F007BDA72 /* Build configuration list for PBXProject "MovieTracker" */;
			compatibilityVersion = "Xcode 9.3";
			developmentRegion = en;
			hasScannedForEncodings = 0;
			knownRegions = (
				en,
				Base,
			);
			mainGroup = D97DF5C5240FDA7F007BDA72;
			productRefGroup = D97DF5CF240FDA7F007BDA72 /* Products */;
			projectDirPath = "";
			projectRoot = "";
			targets = (
				D97DF5CD240FDA7F007BDA72 /* MovieTracker */,
			);
		};
/* End PBXProject section */

/* Begin PBXResourcesBuildPhase section */
		D97DF5CC240FDA7F007BDA72 /* Resources */ = {
			isa = PBXResourcesBuildPhase;
			buildActionMask = 2147483647;
			files = (
				D97DF5E1240FDA80007BDA72 /* LaunchScreen.storyboard in Resources */,
				D97DF5DE240FDA80007BDA72 /* Preview Assets.xcassets in Resources */,
				D97DF5DB240FDA80007BDA72 /* Assets.xcassets in Resources */,
			);
			runOnlyForDeploymentPostprocessing = 0;
		};
/* End PBXResourcesBuildPhase section */

/* Begin PBXSourcesBuildPhase section */
		D97DF5CA240FDA7F007BDA72 /* Sources */ = {
			isa = PBXSourcesBuildPhase;
			buildActionMask = 2147483647;
			files = (
				D97DF5D7240FDA7F007BDA72 /* MovieTracker.xcdatamodeld in Sources */,
				D97DF5D2240FDA7F007BDA72 /* AppDelegate.swift in Sources */,
				D97DF5D9240FDA7F007BDA72 /* ContentView.swift in Sources */,
				D97DF5D4240FDA7F007BDA72 /* SceneDelegate.swift in Sources */,
			);
			runOnlyForDeploymentPostprocessing = 0;
		};
/* End PBXSourcesBuildPhase section */

/* Begin PBXVariantGroup section */
		D97DF5DF240FDA80007BDA72 /* LaunchScreen.storyboard */ = {
			isa = PBXVariantGroup;
			children = (
				D97DF5E0240FDA80007BDA72 /* Base */,
			);
			name = LaunchScreen.storyboard;
			sourceTree = "<group>";
		};
/* End PBXVariantGroup section */

/* Begin XCBuildConfiguration section */
		D97DF5E3240FDA80007BDA72 /* Debug */ = {
			isa = XCBuildConfiguration;
			buildSettings = {
				ALWAYS_SEARCH_USER_PATHS = NO;
				CLANG_ANALYZER_NONNULL = YES;
				CLANG_ANALYZER_NUMBER_OBJECT_CONVERSION = YES_AGGRESSIVE;
				CLANG_CXX_LANGUAGE_STANDARD = "gnu++14";
				CLANG_CXX_LIBRARY = "libc++";
				CLANG_ENABLE_MODULES = YES;
				CLANG_ENABLE_OBJC_ARC = YES;
				CLANG_ENABLE_OBJC_WEAK = YES;
				CLANG_WARN_BLOCK_CAPTURE_AUTORELEASING = YES;
				CLANG_WARN_BOOL_CONVERSION = YES;
				CLANG_WARN_COMMA = YES;
				CLANG_WARN_CONSTANT_CONVERSION = YES;
				CLANG_WARN_DEPRECATED_OBJC_IMPLEMENTATIONS = YES;
				CLANG_WARN_DIRECT_OBJC_ISA_USAGE = YES_ERROR;
				CLANG_WARN_DOCUMENTATION_COMMENTS = YES;
				CLANG_WARN_EMPTY_BODY = YES;
				CLANG_WARN_ENUM_CONVERSION = YES;
				CLANG_WARN_INFINITE_RECURSION = YES;
				CLANG_WARN_INT_CONVERSION = YES;
				CLANG_WARN_NON_LITERAL_NULL_CONVERSION = YES;
				CLANG_WARN_OBJC_IMPLICIT_RETAIN_SELF = YES;
				CLANG_WARN_OBJC_LITERAL_CONVERSION = YES;
				CLANG_WARN_OBJC_ROOT_CLASS = YES_ERROR;
				CLANG_WARN_RANGE_LOOP_ANALYSIS = YES;
				CLANG_WARN_STRICT_PROTOTYPES = YES;
				CLANG_WARN_SUSPICIOUS_MOVE = YES;
				CLANG_WARN_UNGUARDED_AVAILABILITY = YES_AGGRESSIVE;
				CLANG_WARN_UNREACHABLE_CODE = YES;
				CLANG_WARN__DUPLICATE_METHOD_MATCH = YES;
				COPY_PHASE_STRIP = NO;
				DEBUG_INFORMATION_FORMAT = dwarf;
				ENABLE_STRICT_OBJC_MSGSEND = YES;
				ENABLE_TESTABILITY = YES;
				GCC_C_LANGUAGE_STANDARD = gnu11;
				GCC_DYNAMIC_NO_PIC = NO;
				GCC_NO_COMMON_BLOCKS = YES;
				GCC_OPTIMIZATION_LEVEL = 0;
				GCC_PREPROCESSOR_DEFINITIONS = (
					"DEBUG=1",
					"$(inherited)",
				);
				GCC_WARN_64_TO_32_BIT_CONVERSION = YES;
				GCC_WARN_ABOUT_RETURN_TYPE = YES_ERROR;
				GCC_WARN_UNDECLARED_SELECTOR = YES;
				GCC_WARN_UNINITIALIZED_AUTOS = YES_AGGRESSIVE;
				GCC_WARN_UNUSED_FUNCTION = YES;
				GCC_WARN_UNUSED_VARIABLE = YES;
				IPHONEOS_DEPLOYMENT_TARGET = 13.2;
				MTL_ENABLE_DEBUG_INFO = INCLUDE_SOURCE;
				MTL_FAST_MATH = YES;
				ONLY_ACTIVE_ARCH = YES;
				SDKROOT = iphoneos;
				SWIFT_ACTIVE_COMPILATION_CONDITIONS = DEBUG;
				SWIFT_OPTIMIZATION_LEVEL = "-Onone";
			};
			name = Debug;
		};
		D97DF5E4240FDA80007BDA72 /* Release */ = {
			isa = XCBuildConfiguration;
			buildSettings = {
				ALWAYS_SEARCH_USER_PATHS = NO;
				CLANG_ANALYZER_NONNULL = YES;
				CLANG_ANALYZER_NUMBER_OBJECT_CONVERSION = YES_AGGRESSIVE;
				CLANG_CXX_LANGUAGE_STANDARD = "gnu++14";
				CLANG_CXX_LIBRARY = "libc++";
				CLANG_ENABLE_MODULES = YES;
				CLANG_ENABLE_OBJC_ARC = YES;
				CLANG_ENABLE_OBJC_WEAK = YES;
				CLANG_WARN_BLOCK_CAPTURE_AUTORELEASING = YES;
				CLANG_WARN_BOOL_CONVERSION = YES;
				CLANG_WARN_COMMA = YES;
				CLANG_WARN_CONSTANT_CONVERSION = YES;
				CLANG_WARN_DEPRECATED_OBJC_IMPLEMENTATIONS = YES;
				CLANG_WARN_DIRECT_OBJC_ISA_USAGE = YES_ERROR;
				CLANG_WARN_DOCUMENTATION_COMMENTS = YES;
				CLANG_WARN_EMPTY_BODY = YES;
				CLANG_WARN_ENUM_CONVERSION = YES;
				CLANG_WARN_INFINITE_RECURSION = YES;
				CLANG_WARN_INT_CONVERSION = YES;
				CLANG_WARN_NON_LITERAL_NULL_CONVERSION = YES;
				CLANG_WARN_OBJC_IMPLICIT_RETAIN_SELF = YES;
				CLANG_WARN_OBJC_LITERAL_CONVERSION = YES;
				CLANG_WARN_OBJC_ROOT_CLASS = YES_ERROR;
				CLANG_WARN_RANGE_LOOP_ANALYSIS = YES;
				CLANG_WARN_STRICT_PROTOTYPES = YES;
				CLANG_WARN_SUSPICIOUS_MOVE = YES;
				CLANG_WARN_UNGUARDED_AVAILABILITY = YES_AGGRESSIVE;
				CLANG_WARN_UNREACHABLE_CODE = YES;
				CLANG_WARN__DUPLICATE_METHOD_MATCH = YES;
				COPY_PHASE_STRIP = NO;
				DEBUG_INFORMATION_FORMAT = "dwarf-with-dsym";
				ENABLE_NS_ASSERTIONS = NO;
				ENABLE_STRICT_OBJC_MSGSEND = YES;
				GCC_C_LANGUAGE_STANDARD = gnu11;
				GCC_NO_COMMON_BLOCKS = YES;
				GCC_WARN_64_TO_32_BIT_CONVERSION = YES;
				GCC_WARN_ABOUT_RETURN_TYPE = YES_ERROR;
				GCC_WARN_UNDECLARED_SELECTOR = YES;
				GCC_WARN_UNINITIALIZED_AUTOS = YES_AGGRESSIVE;
				GCC_WARN_UNUSED_FUNCTION = YES;
				GCC_WARN_UNUSED_VARIABLE = YES;
				IPHONEOS_DEPLOYMENT_TARGET = 13.2;
				MTL_ENABLE_DEBUG_INFO = NO;
				MTL_FAST_MATH = YES;
				SDKROOT = iphoneos;
				SWIFT_COMPILATION_MODE = wholemodule;
				SWIFT_OPTIMIZATION_LEVEL = "-O";
				VALIDATE_PRODUCT = YES;
			};
			name = Release;
		};
		D97DF5E6240FDA80007BDA72 /* Debug */ = {
			isa = XCBuildConfiguration;
			buildSettings = {
				ASSETCATALOG_COMPILER_APPICON_NAME = AppIcon;
				CODE_SIGN_STYLE = Automatic;
				DEVELOPMENT_ASSET_PATHS = "\"MovieTracker/Preview Content\"";
				ENABLE_PREVIEWS = YES;
				INFOPLIST_FILE = MovieTracker/Info.plist;
				LD_RUNPATH_SEARCH_PATHS = (
					"$(inherited)",
					"@executable_path/Frameworks",
				);
				PRODUCT_BUNDLE_IDENTIFIER = com.skiedesign.MovieTracker;
				PRODUCT_NAME = "$(TARGET_NAME)";
				SWIFT_VERSION = 5.0;
				TARGETED_DEVICE_FAMILY = "1,2";
			};
			name = Debug;
		};
		D97DF5E7240FDA80007BDA72 /* Release */ = {
			isa = XCBuildConfiguration;
			buildSettings = {
				ASSETCATALOG_COMPILER_APPICON_NAME = AppIcon;
				CODE_SIGN_STYLE = Automatic;
				DEVELOPMENT_ASSET_PATHS = "\"MovieTracker/Preview Content\"";
				ENABLE_PREVIEWS = YES;
				INFOPLIST_FILE = MovieTracker/Info.plist;
				LD_RUNPATH_SEARCH_PATHS = (
					"$(inherited)",
					"@executable_path/Frameworks",
				);
				PRODUCT_BUNDLE_IDENTIFIER = com.skiedesign.MovieTracker;
				PRODUCT_NAME = "$(TARGET_NAME)";
				SWIFT_VERSION = 5.0;
				TARGETED_DEVICE_FAMILY = "1,2";
			};
			name = Release;
		};
/* End XCBuildConfiguration section */

/* Begin XCConfigurationList section */
		D97DF5C9240FDA7F007BDA72 /* Build configuration list for PBXProject "MovieTracker" */ = {
			isa = XCConfigurationList;
			buildConfigurations = (
				D97DF5E3240FDA80007BDA72 /* Debug */,
				D97DF5E4240FDA80007BDA72 /* Release */,
			);
			defaultConfigurationIsVisible = 0;
			defaultConfigurationName = Release;
		};
		D97DF5E5240FDA80007BDA72 /* Build configuration list for PBXNativeTarget "MovieTracker" */ = {
			isa = XCConfigurationList;
			buildConfigurations = (
				D97DF5E6240FDA80007BDA72 /* Debug */,
				D97DF5E7240FDA80007BDA72 /* Release */,
			);
			defaultConfigurationIsVisible = 0;
			defaultConfigurationName = Release;
		};
/* End XCConfigurationList section */

/* Begin XCVersionGroup section */
		D97DF5D5240FDA7F007BDA72 /* MovieTracker.xcdatamodeld */ = {
			isa = XCVersionGroup;
			children = (
				D97DF5D6240FDA7F007BDA72 /* MovieTracker.xcdatamodel */,
			);
			currentVersion = D97DF5D6240FDA7F007BDA72 /* MovieTracker.xcdatamodel */;
			path = MovieTracker.xcdatamodeld;
			sourceTree = "<group>";
			versionGroupType = wrapper.xcdatamodel;
		};
/* End XCVersionGroup section */
	};
	rootObject = D97DF5C6240FDA7F007BDA72 /* Project object */;
}
